{
    "version": 3,
    "terraform_version": "0.11.10",
    "serial": 2,
    "lineage": "1d4cec29-27ca-ad6e-81fb-c0e4e1a6f06e",
    "modules": [
        {
            "path": [
                "root"
            ],
            "outputs": {},
            "resources": {
                "aws_instance.web": {
                    "type": "aws_instance",
                    "depends_on": [],
                    "primary": {
                        "id": "i-0e3bbdf49bb142acb",
                        "attributes": {
                            "ami": "ami-009d6802948d06e52",
                            "arn": "arn:aws:ec2:us-east-1:677110755192:instance/i-0e3bbdf49bb142acb",
                            "associate_public_ip_address": "true",
                            "availability_zone": "us-east-1a",
                            "cpu_core_count": "1",
                            "cpu_threads_per_core": "1",
                            "credit_specification.#": "1",
                            "credit_specification.0.cpu_credits": "standard",
                            "disable_api_termination": "false",
                            "ebs_block_device.#": "0",
                            "ebs_optimized": "false",
                            "ephemeral_block_device.#": "0",
                            "get_password_data": "false",
                            "iam_instance_profile": "",
                            "id": "i-0e3bbdf49bb142acb",
                            "instance_state": "running",
                            "instance_type": "t1.micro",
                            "ipv6_addresses.#": "0",
                            "key_name": "",
                            "monitoring": "false",
                            "network_interface.#": "0",
                            "network_interface_id": "eni-09f0d17f0c7bf930f",
                            "password_data": "",
                            "placement_group": "",
                            "primary_network_interface_id": "eni-09f0d17f0c7bf930f",
                            "private_dns": "ip-172-31-43-108.ec2.internal",
                            "private_ip": "172.31.43.108",
                            "public_dns": "ec2-34-235-134-25.compute-1.amazonaws.com",
                            "public_ip": "34.235.134.25",
                            "root_block_device.#": "1",
                            "root_block_device.0.delete_on_termination": "true",
                            "root_block_device.0.iops": "100",
                            "root_block_device.0.volume_id": "vol-09540b03712e7f9e2",
                            "root_block_device.0.volume_size": "8",
                            "root_block_device.0.volume_type": "gp2",
                            "security_groups.#": "1",
                            "security_groups.3814588639": "default",
                            "source_dest_check": "true",
                            "subnet_id": "subnet-a7c1d3fd",
                            "tags.%": "1",
                            "tags.Name": "Test_Terraform_A",
                            "tenancy": "default",
                            "volume_tags.%": "0",
                            "vpc_security_group_ids.#": "1",
                            "vpc_security_group_ids.4152908895": "sg-1078d262"
                        },
                        "meta": {
                            "e2bfb730-ecaa-11e6-8f88-34363bc7c4c0": {
                                "create": 600000000000,
                                "delete": 1200000000000,
                                "update": 600000000000
                            },
                            "schema_version": "1"
                        },
                        "tainted": false
                    },
                    "deposed": [],
                    "provider": "provider.aws"
                }
            },
            "depends_on": []
        }
    ]
}
